
Microsoft Visual Studio Solution File, Format Version 12.00
# Visual Studio Version 17
VisualStudioVersion = 17.8.34316.72
MinimumVisualStudioVersion = 10.0.40219.1
Project("{9A19103F-16F7-4668-BE54-9A1E7A4F7556}") = "MyFirstProgram", "MyFirstProgram\MyFirstProgram.csproj", "{A161ECEE-2B09-431D-816B-D4F6BE1ED000}"
EndProject
Project("{9A19103F-16F7-4668-BE54-9A1E7A4F7556}") = "MyUtilities", "MyUtilities\MyUtilities.csproj", "{9E22D745-AAAE-4FE8-AC21-480356369CC8}"
EndProject
Global
	GlobalSection(SolutionConfigurationPlatforms) = preSolution
		Debug|Any CPU = Debug|Any CPU
		Release|Any CPU = Release|Any CPU
	EndGlobalSection
	GlobalSection(ProjectConfigurationPlatforms) = postSolution
		{A161ECEE-2B09-431D-816B-D4F6BE1ED000}.Debug|Any CPU.ActiveCfg = Debug|Any CPU
		{A161ECEE-2B09-431D-816B-D4F6BE1ED000}.Debug|Any CPU.Build.0 = Debug|Any CPU
		{A161ECEE-2B09-431D-816B-D4F6BE1ED000}.Release|Any CPU.ActiveCfg = Release|Any CPU
		{A161ECEE-2B09-431D-816B-D4F6BE1ED000}.Release|Any CPU.Build.0 = Release|Any CPU
		{9E22D745-AAAE-4FE8-AC21-480356369CC8}.Debug|Any CPU.ActiveCfg = Debug|Any CPU
		{9E22D745-AAAE-4FE8-AC21-480356369CC8}.Debug|Any CPU.Build.0 = Debug|Any CPU
		{9E22D745-AAAE-4FE8-AC21-480356369CC8}.Release|Any CPU.ActiveCfg = Release|Any CPU
		{9E22D745-AAAE-4FE8-AC21-480356369CC8}.Release|Any CPU.Build.0 = Release|Any CPU
	EndGlobalSection
	GlobalSection(SolutionProperties) = preSolution
		HideSolutionNode = FALSE
	EndGlobalSection
	GlobalSection(ExtensibilityGlobals) = postSolution
		SolutionGuid = {10B8AA91-E6EB-4DAF-A366-627164F04420}
	EndGlobalSection
EndGlobal
